
Microsoft Visual Studio Solution File, Format Version 12.00
# Visual Studio Version 16
VisualStudioVersion = 16.0.30406.217
MinimumVisualStudioVersion = 10.0.40219.1
Project("{FAE04EC0-301F-11D3-BF4B-00C04F79EFBC}") = "CEFPlacementer", "CEFPlacementer\CEFPlacementer.csproj", "{6F3961CB-2B00-4AC4-87BE-48E935E3B28C}"
EndProject
Project("{FAE04EC0-301F-11D3-BF4B-00C04F79EFBC}") = "CEFBrowser", "CEFBrowser\CEFBrowser.csproj", "{FB4B79A7-48B5-47C0-959D-68A00C7B795D}"
EndProject
Project("{FAE04EC0-301F-11D3-BF4B-00C04F79EFBC}") = "SampleClient", "SampleClient\SampleClient.csproj", "{735AC8CF-B451-49E2-901B-30CEC71A7EFD}"
EndProject
Global
	GlobalSection(SolutionConfigurationPlatforms) = preSolution
		Debug|x86 = Debug|x86
		Release|x86 = Release|x86
	EndGlobalSection
	GlobalSection(ProjectConfigurationPlatforms) = postSolution
		{6F3961CB-2B00-4AC4-87BE-48E935E3B28C}.Debug|x86.ActiveCfg = Debug|x86
		{6F3961CB-2B00-4AC4-87BE-48E935E3B28C}.Debug|x86.Build.0 = Debug|x86
		{6F3961CB-2B00-4AC4-87BE-48E935E3B28C}.Release|x86.ActiveCfg = Release|x86
		{6F3961CB-2B00-4AC4-87BE-48E935E3B28C}.Release|x86.Build.0 = Release|x86
		{FB4B79A7-48B5-47C0-959D-68A00C7B795D}.Debug|x86.ActiveCfg = Debug|x86
		{FB4B79A7-48B5-47C0-959D-68A00C7B795D}.Debug|x86.Build.0 = Debug|x86
		{FB4B79A7-48B5-47C0-959D-68A00C7B795D}.Release|x86.ActiveCfg = Release|x86
		{FB4B79A7-48B5-47C0-959D-68A00C7B795D}.Release|x86.Build.0 = Release|x86
		{735AC8CF-B451-49E2-901B-30CEC71A7EFD}.Debug|x86.ActiveCfg = Debug|x86
		{735AC8CF-B451-49E2-901B-30CEC71A7EFD}.Debug|x86.Build.0 = Debug|x86
		{735AC8CF-B451-49E2-901B-30CEC71A7EFD}.Release|x86.ActiveCfg = Release|x86
		{735AC8CF-B451-49E2-901B-30CEC71A7EFD}.Release|x86.Build.0 = Release|x86
	EndGlobalSection
	GlobalSection(SolutionProperties) = preSolution
		HideSolutionNode = FALSE
	EndGlobalSection
	GlobalSection(ExtensibilityGlobals) = postSolution
		SolutionGuid = {9F63A86C-1EB7-4FE1-9AB8-7FFA272A2B01}
	EndGlobalSection
EndGlobal
